
Microsoft Visual Studio Solution File, Format Version 12.00
# Visual Studio Version 16
VisualStudioVersion = 16.0.31005.135
MinimumVisualStudioVersion = 10.0.40219.1
Project("{8BC9CEB8-8B4A-11D0-8D11-00A0C91BC942}") = "FakeString", "FakeString\FakeString.vcxproj", "{388B2C40-5774-4B56-8D1E-CF5E0F679404}"
EndProject
Global
	GlobalSection(SolutionConfigurationPlatforms) = preSolution
		Debug|x64 = Debug|x64
		Debug|x86 = Debug|x86
		Release|x64 = Release|x64
		Release|x86 = Release|x86
	EndGlobalSection
	GlobalSection(ProjectConfigurationPlatforms) = postSolution
		{388B2C40-5774-4B56-8D1E-CF5E0F679404}.Debug|x64.ActiveCfg = Debug|x64
		{388B2C40-5774-4B56-8D1E-CF5E0F679404}.Debug|x64.Build.0 = Debug|x64
		{388B2C40-5774-4B56-8D1E-CF5E0F679404}.Debug|x86.ActiveCfg = Debug|Win32
		{388B2C40-5774-4B56-8D1E-CF5E0F679404}.Debug|x86.Build.0 = Debug|Win32
		{388B2C40-5774-4B56-8D1E-CF5E0F679404}.Release|x64.ActiveCfg = Release|x64
		{388B2C40-5774-4B56-8D1E-CF5E0F679404}.Release|x64.Build.0 = Release|x64
		{388B2C40-5774-4B56-8D1E-CF5E0F679404}.Release|x86.ActiveCfg = Release|Win32
		{388B2C40-5774-4B56-8D1E-CF5E0F679404}.Release|x86.Build.0 = Release|Win32
	EndGlobalSection
	GlobalSection(SolutionProperties) = preSolution
		HideSolutionNode = FALSE
	EndGlobalSection
	GlobalSection(ExtensibilityGlobals) = postSolution
		SolutionGuid = {572D920E-48C3-4088-B9AD-20E44DEDC294}
	EndGlobalSection
EndGlobal
